// !$*UTF8*$!
{
	archiveVersion = 1;
	classes = {
	};
	objectVersion = 56;
	objects = {

/* Begin PBXBuildFile section */
		6C321BA42C55C03000F8B34B /* TopRatedMoviesServiceResponse.swift in Sources */ = {isa = PBXBuildFile; fileRef = 6C321BA32C55C03000F8B34B /* TopRatedMoviesServiceResponse.swift */; };
		6C4446002C55BEEE00EC814B /* AppDelegate.swift in Sources */ = {isa = PBXBuildFile; fileRef = 6C4445FF2C55BEEE00EC814B /* AppDelegate.swift */; };
		6C4446022C55BEEE00EC814B /* SceneDelegate.swift in Sources */ = {isa = PBXBuildFile; fileRef = 6C4446012C55BEEE00EC814B /* SceneDelegate.swift */; };
		6C4446042C55BEEE00EC814B /* ViewController.swift in Sources */ = {isa = PBXBuildFile; fileRef = 6C4446032C55BEEE00EC814B /* ViewController.swift */; };
		6C4446092C55BEEF00EC814B /* Assets.xcassets in Resources */ = {isa = PBXBuildFile; fileRef = 6C4446082C55BEEF00EC814B /* Assets.xcassets */; };
		6C44460C2C55BEEF00EC814B /* Base in Resources */ = {isa = PBXBuildFile; fileRef = 6C44460B2C55BEEF00EC814B /* Base */; };
		6C4446172C55BEEF00EC814B /* TopRatedMoviesTests.swift in Sources */ = {isa = PBXBuildFile; fileRef = 6C4446162C55BEEF00EC814B /* TopRatedMoviesTests.swift */; };
/* End PBXBuildFile section */

/* Begin PBXContainerItemProxy section */
		6C4446132C55BEEF00EC814B /* PBXContainerItemProxy */ = {
			isa = PBXContainerItemProxy;
			containerPortal = 6C4445F42C55BEEE00EC814B /* Project object */;
			proxyType = 1;
			remoteGlobalIDString = 6C4445FB2C55BEEE00EC814B;
			remoteInfo = TopRatedMovies;
		};
		6C44461D2C55BEEF00EC814B /* PBXContainerItemProxy */ = {
			isa = PBXContainerItemProxy;
			containerPortal = 6C4445F42C55BEEE00EC814B /* Project object */;
			proxyType = 1;
			remoteGlobalIDString = 6C4445FB2C55BEEE00EC814B;
			remoteInfo = TopRatedMovies;
		};
/* End PBXContainerItemProxy section */

/* Begin PBXFileReference section */
		6C321BA32C55C03000F8B34B /* TopRatedMoviesServiceResponse.swift */ = {isa = PBXFileReference; lastKnownFileType = sourcecode.swift; path = TopRatedMoviesServiceResponse.swift; sourceTree = "<group>"; };
		6C4445FC2C55BEEE00EC814B /* TopRatedMovies.app */ = {isa = PBXFileReference; explicitFileType = wrapper.application; includeInIndex = 0; path = TopRatedMovies.app; sourceTree = BUILT_PRODUCTS_DIR; };
		6C4445FF2C55BEEE00EC814B /* AppDelegate.swift */ = {isa = PBXFileReference; lastKnownFileType = sourcecode.swift; path = AppDelegate.swift; sourceTree = "<group>"; };
		6C4446012C55BEEE00EC814B /* SceneDelegate.swift */ = {isa = PBXFileReference; lastKnownFileType = sourcecode.swift; path = SceneDelegate.swift; sourceTree = "<group>"; };
		6C4446032C55BEEE00EC814B /* ViewController.swift */ = {isa = PBXFileReference; lastKnownFileType = sourcecode.swift; path = ViewController.swift; sourceTree = "<group>"; };
		6C4446082C55BEEF00EC814B /* Assets.xcassets */ = {isa = PBXFileReference; lastKnownFileType = folder.assetcatalog; path = Assets.xcassets; sourceTree = "<group>"; };
		6C44460B2C55BEEF00EC814B /* Base */ = {isa = PBXFileReference; lastKnownFileType = file.storyboard; name = Base; path = Base.lproj/LaunchScreen.storyboard; sourceTree = "<group>"; };
		6C44460D2C55BEEF00EC814B /* Info.plist */ = {isa = PBXFileReference; lastKnownFileType = text.plist.xml; path = Info.plist; sourceTree = "<group>"; };
		6C4446122C55BEEF00EC814B /* TopRatedMoviesTests.xctest */ = {isa = PBXFileReference; explicitFileType = wrapper.cfbundle; includeInIndex = 0; path = TopRatedMoviesTests.xctest; sourceTree = BUILT_PRODUCTS_DIR; };
		6C4446162C55BEEF00EC814B /* TopRatedMoviesTests.swift */ = {isa = PBXFileReference; lastKnownFileType = sourcecode.swift; path = TopRatedMoviesTests.swift; sourceTree = "<group>"; };
		6C44461C2C55BEEF00EC814B /* TopRatedMoviesUITests.xctest */ = {isa = PBXFileReference; explicitFileType = wrapper.cfbundle; includeInIndex = 0; path = TopRatedMoviesUITests.xctest; sourceTree = BUILT_PRODUCTS_DIR; };
/* End PBXFileReference section */

/* Begin PBXFrameworksBuildPhase section */
		6C4445F92C55BEEE00EC814B /* Frameworks */ = {
			isa = PBXFrameworksBuildPhase;
			buildActionMask = 2147483647;
			files = (
			);
			runOnlyForDeploymentPostprocessing = 0;
		};
		6C44460F2C55BEEF00EC814B /* Frameworks */ = {
			isa = PBXFrameworksBuildPhase;
			buildActionMask = 2147483647;
			files = (
			);
			runOnlyForDeploymentPostprocessing = 0;
		};
		6C4446192C55BEEF00EC814B /* Frameworks */ = {
			isa = PBXFrameworksBuildPhase;
			buildActionMask = 2147483647;
			files = (
			);
			runOnlyForDeploymentPostprocessing = 0;
		};
/* End PBXFrameworksBuildPhase section */

/* Begin PBXGroup section */
		6C321BA22C55C00E00F8B34B /* Model */ = {
			isa = PBXGroup;
			children = (
				6C321BA32C55C03000F8B34B /* TopRatedMoviesServiceResponse.swift */,
			);
			path = Model;
			sourceTree = "<group>";
		};
		6C4445F32C55BEEE00EC814B = {
			isa = PBXGroup;
			children = (
				6C4445FE2C55BEEE00EC814B /* TopRatedMovies */,
				6C4446152C55BEEF00EC814B /* TopRatedMoviesTests */,
				6C4445FD2C55BEEE00EC814B /* Products */,
			);
			sourceTree = "<group>";
		};
		6C4445FD2C55BEEE00EC814B /* Products */ = {
			isa = PBXGroup;
			children = (
				6C4445FC2C55BEEE00EC814B /* TopRatedMovies.app */,
				6C4446122C55BEEF00EC814B /* TopRatedMoviesTests.xctest */,
				6C44461C2C55BEEF00EC814B /* TopRatedMoviesUITests.xctest */,
			);
			name = Products;
			sourceTree = "<group>";
		};
		6C4445FE2C55BEEE00EC814B /* TopRatedMovies */ = {
			isa = PBXGroup;
			children = (
				6C321BA22C55C00E00F8B34B /* Model */,
				6C4445FF2C55BEEE00EC814B /* AppDelegate.swift */,
				6C4446012C55BEEE00EC814B /* SceneDelegate.swift */,
				6C4446032C55BEEE00EC814B /* ViewController.swift */,
				6C4446082C55BEEF00EC814B /* Assets.xcassets */,
				6C44460A2C55BEEF00EC814B /* LaunchScreen.storyboard */,
				6C44460D2C55BEEF00EC814B /* Info.plist */,
			);
			path = TopRatedMovies;
			sourceTree = "<group>";
		};
		6C4446152C55BEEF00EC814B /* TopRatedMoviesTests */ = {
			isa = PBXGroup;
			children = (
				6C4446162C55BEEF00EC814B /* TopRatedMoviesTests.swift */,
			);
			path = TopRatedMoviesTests;
			sourceTree = "<group>";
		};
/* End PBXGroup section */

/* Begin PBXNativeTarget section */
		6C4445FB2C55BEEE00EC814B /* TopRatedMovies */ = {
			isa = PBXNativeTarget;
			buildConfigurationList = 6C4446262C55BEEF00EC814B /* Build configuration list for PBXNativeTarget "TopRatedMovies" */;
			buildPhases = (
				6C4445F82C55BEEE00EC814B /* Sources */,
				6C4445F92C55BEEE00EC814B /* Frameworks */,
				6C4445FA2C55BEEE00EC814B /* Resources */,
			);
			buildRules = (
			);
			dependencies = (
			);
			name = TopRatedMovies;
			productName = TopRatedMovies;
			productReference = 6C4445FC2C55BEEE00EC814B /* TopRatedMovies.app */;
			productType = "com.apple.product-type.application";
		};
		6C4446112C55BEEF00EC814B /* TopRatedMoviesTests */ = {
			isa = PBXNativeTarget;
			buildConfigurationList = 6C4446292C55BEEF00EC814B /* Build configuration list for PBXNativeTarget "TopRatedMoviesTests" */;
			buildPhases = (
				6C44460E2C55BEEF00EC814B /* Sources */,
				6C44460F2C55BEEF00EC814B /* Frameworks */,
				6C4446102C55BEEF00EC814B /* Resources */,
			);
			buildRules = (
			);
			dependencies = (
				6C4446142C55BEEF00EC814B /* PBXTargetDependency */,
			);
			name = TopRatedMoviesTests;
			productName = TopRatedMoviesTests;
			productReference = 6C4446122C55BEEF00EC814B /* TopRatedMoviesTests.xctest */;
			productType = "com.apple.product-type.bundle.unit-test";
		};
		6C44461B2C55BEEF00EC814B /* TopRatedMoviesUITests */ = {
			isa = PBXNativeTarget;
			buildConfigurationList = 6C44462C2C55BEEF00EC814B /* Build configuration list for PBXNativeTarget "TopRatedMoviesUITests" */;
			buildPhases = (
				6C4446182C55BEEF00EC814B /* Sources */,
				6C4446192C55BEEF00EC814B /* Frameworks */,
				6C44461A2C55BEEF00EC814B /* Resources */,
			);
			buildRules = (
			);
			dependencies = (
				6C44461E2C55BEEF00EC814B /* PBXTargetDependency */,
			);
			name = TopRatedMoviesUITests;
			productName = TopRatedMoviesUITests;
			productReference = 6C44461C2C55BEEF00EC814B /* TopRatedMoviesUITests.xctest */;
			productType = "com.apple.product-type.bundle.ui-testing";
		};
/* End PBXNativeTarget section */

/* Begin PBXProject section */
		6C4445F42C55BEEE00EC814B /* Project object */ = {
			isa = PBXProject;
			attributes = {
				BuildIndependentTargetsInParallel = 1;
				LastSwiftUpdateCheck = 1540;
				LastUpgradeCheck = 1540;
				TargetAttributes = {
					6C4445FB2C55BEEE00EC814B = {
						CreatedOnToolsVersion = 15.4;
					};
					6C4446112C55BEEF00EC814B = {
						CreatedOnToolsVersion = 15.4;
						TestTargetID = 6C4445FB2C55BEEE00EC814B;
					};
					6C44461B2C55BEEF00EC814B = {
						CreatedOnToolsVersion = 15.4;
						TestTargetID = 6C4445FB2C55BEEE00EC814B;
					};
				};
			};
			buildConfigurationList = 6C4445F72C55BEEE00EC814B /* Build configuration list for PBXProject "TopRatedMovies" */;
			compatibilityVersion = "Xcode 14.0";
			developmentRegion = en;
			hasScannedForEncodings = 0;
			knownRegions = (
				en,
				Base,
			);
			mainGroup = 6C4445F32C55BEEE00EC814B;
			productRefGroup = 6C4445FD2C55BEEE00EC814B /* Products */;
			projectDirPath = "";
			projectRoot = "";
			targets = (
				6C4445FB2C55BEEE00EC814B /* TopRatedMovies */,
				6C4446112C55BEEF00EC814B /* TopRatedMoviesTests */,
				6C44461B2C55BEEF00EC814B /* TopRatedMoviesUITests */,
			);
		};
/* End PBXProject section */

/* Begin PBXResourcesBuildPhase section */
		6C4445FA2C55BEEE00EC814B /* Resources */ = {
			isa = PBXResourcesBuildPhase;
			buildActionMask = 2147483647;
			files = (
				6C4446092C55BEEF00EC814B /* Assets.xcassets in Resources */,
				6C44460C2C55BEEF00EC814B /* Base in Resources */,
			);
			runOnlyForDeploymentPostprocessing = 0;
		};
		6C4446102C55BEEF00EC814B /* Resources */ = {
			isa = PBXResourcesBuildPhase;
			buildActionMask = 2147483647;
			files = (
			);
			runOnlyForDeploymentPostprocessing = 0;
		};
		6C44461A2C55BEEF00EC814B /* Resources */ = {
			isa = PBXResourcesBuildPhase;
			buildActionMask = 2147483647;
			files = (
			);
			runOnlyForDeploymentPostprocessing = 0;
		};
/* End PBXResourcesBuildPhase section */

/* Begin PBXSourcesBuildPhase section */
		6C4445F82C55BEEE00EC814B /* Sources */ = {
			isa = PBXSourcesBuildPhase;
			buildActionMask = 2147483647;
			files = (
				6C321BA42C55C03000F8B34B /* TopRatedMoviesServiceResponse.swift in Sources */,
				6C4446042C55BEEE00EC814B /* ViewController.swift in Sources */,
				6C4446002C55BEEE00EC814B /* AppDelegate.swift in Sources */,
				6C4446022C55BEEE00EC814B /* SceneDelegate.swift in Sources */,
			);
			runOnlyForDeploymentPostprocessing = 0;
		};
		6C44460E2C55BEEF00EC814B /* Sources */ = {
			isa = PBXSourcesBuildPhase;
			buildActionMask = 2147483647;
			files = (
				6C4446172C55BEEF00EC814B /* TopRatedMoviesTests.swift in Sources */,
			);
			runOnlyForDeploymentPostprocessing = 0;
		};
		6C4446182C55BEEF00EC814B /* Sources */ = {
			isa = PBXSourcesBuildPhase;
			buildActionMask = 2147483647;
			files = (
			);
			runOnlyForDeploymentPostprocessing = 0;
		};
/* End PBXSourcesBuildPhase section */

/* Begin PBXTargetDependency section */
		6C4446142C55BEEF00EC814B /* PBXTargetDependency */ = {
			isa = PBXTargetDependency;
			target = 6C4445FB2C55BEEE00EC814B /* TopRatedMovies */;
			targetProxy = 6C4446132C55BEEF00EC814B /* PBXContainerItemProxy */;
		};
		6C44461E2C55BEEF00EC814B /* PBXTargetDependency */ = {
			isa = PBXTargetDependency;
			target = 6C4445FB2C55BEEE00EC814B /* TopRatedMovies */;
			targetProxy = 6C44461D2C55BEEF00EC814B /* PBXContainerItemProxy */;
		};
/* End PBXTargetDependency section */

/* Begin PBXVariantGroup section */
		6C44460A2C55BEEF00EC814B /* LaunchScreen.storyboard */ = {
			isa = PBXVariantGroup;
			children = (
				6C44460B2C55BEEF00EC814B /* Base */,
			);
			name = LaunchScreen.storyboard;
			sourceTree = "<group>";
		};
/* End PBXVariantGroup section */

/* Begin XCBuildConfiguration section */
		6C4446242C55BEEF00EC814B /* Debug */ = {
			isa = XCBuildConfiguration;
			buildSettings = {
				ALWAYS_SEARCH_USER_PATHS = NO;
				ASSETCATALOG_COMPILER_GENERATE_SWIFT_ASSET_SYMBOL_EXTENSIONS = YES;
				CLANG_ANALYZER_NONNULL = YES;
				CLANG_ANALYZER_NUMBER_OBJECT_CONVERSION = YES_AGGRESSIVE;
				CLANG_CXX_LANGUAGE_STANDARD = "gnu++20";
				CLANG_ENABLE_MODULES = YES;
				CLANG_ENABLE_OBJC_ARC = YES;
				CLANG_ENABLE_OBJC_WEAK = YES;
				CLANG_WARN_BLOCK_CAPTURE_AUTORELEASING = YES;
				CLANG_WARN_BOOL_CONVERSION = YES;
				CLANG_WARN_COMMA = YES;
				CLANG_WARN_CONSTANT_CONVERSION = YES;
				CLANG_WARN_DEPRECATED_OBJC_IMPLEMENTATIONS = YES;
				CLANG_WARN_DIRECT_OBJC_ISA_USAGE = YES_ERROR;
				CLANG_WARN_DOCUMENTATION_COMMENTS = YES;
				CLANG_WARN_EMPTY_BODY = YES;
				CLANG_WARN_ENUM_CONVERSION = YES;
				CLANG_WARN_INFINITE_RECURSION = YES;
				CLANG_WARN_INT_CONVERSION = YES;
				CLANG_WARN_NON_LITERAL_NULL_CONVERSION = YES;
				CLANG_WARN_OBJC_IMPLICIT_RETAIN_SELF = YES;
				CLANG_WARN_OBJC_LITERAL_CONVERSION = YES;
				CLANG_WARN_OBJC_ROOT_CLASS = YES_ERROR;
				CLANG_WARN_QUOTED_INCLUDE_IN_FRAMEWORK_HEADER = YES;
				CLANG_WARN_RANGE_LOOP_ANALYSIS = YES;
				CLANG_WARN_STRICT_PROTOTYPES = YES;
				CLANG_WARN_SUSPICIOUS_MOVE = YES;
				CLANG_WARN_UNGUARDED_AVAILABILITY = YES_AGGRESSIVE;
				CLANG_WARN_UNREACHABLE_CODE = YES;
				CLANG_WARN__DUPLICATE_METHOD_MATCH = YES;
				COPY_PHASE_STRIP = NO;
				DEBUG_INFORMATION_FORMAT = dwarf;
				ENABLE_STRICT_OBJC_MSGSEND = YES;
				ENABLE_TESTABILITY = YES;
				ENABLE_USER_SCRIPT_SANDBOXING = YES;
				GCC_C_LANGUAGE_STANDARD = gnu17;
				GCC_DYNAMIC_NO_PIC = NO;
				GCC_NO_COMMON_BLOCKS = YES;
				GCC_OPTIMIZATION_LEVEL = 0;
				GCC_PREPROCESSOR_DEFINITIONS = (
					"DEBUG=1",
					"$(inherited)",
				);
				GCC_WARN_64_TO_32_BIT_CONVERSION = YES;
				GCC_WARN_ABOUT_RETURN_TYPE = YES_ERROR;
				GCC_WARN_UNDECLARED_SELECTOR = YES;
				GCC_WARN_UNINITIALIZED_AUTOS = YES_AGGRESSIVE;
				GCC_WARN_UNUSED_FUNCTION = YES;
				GCC_WARN_UNUSED_VARIABLE = YES;
				IPHONEOS_DEPLOYMENT_TARGET = 17.5;
				LOCALIZATION_PREFERS_STRING_CATALOGS = YES;
				MTL_ENABLE_DEBUG_INFO = INCLUDE_SOURCE;
				MTL_FAST_MATH = YES;
				ONLY_ACTIVE_ARCH = YES;
				SDKROOT = iphoneos;
				SWIFT_ACTIVE_COMPILATION_CONDITIONS = "DEBUG $(inherited)";
				SWIFT_OPTIMIZATION_LEVEL = "-Onone";
			};
			name = Debug;
		};
		6C4446252C55BEEF00EC814B /* Release */ = {
			isa = XCBuildConfiguration;
			buildSettings = {
				ALWAYS_SEARCH_USER_PATHS = NO;
				ASSETCATALOG_COMPILER_GENERATE_SWIFT_ASSET_SYMBOL_EXTENSIONS = YES;
				CLANG_ANALYZER_NONNULL = YES;
				CLANG_ANALYZER_NUMBER_OBJECT_CONVERSION = YES_AGGRESSIVE;
				CLANG_CXX_LANGUAGE_STANDARD = "gnu++20";
				CLANG_ENABLE_MODULES = YES;
				CLANG_ENABLE_OBJC_ARC = YES;
				CLANG_ENABLE_OBJC_WEAK = YES;
				CLANG_WARN_BLOCK_CAPTURE_AUTORELEASING = YES;
				CLANG_WARN_BOOL_CONVERSION = YES;
				CLANG_WARN_COMMA = YES;
				CLANG_WARN_CONSTANT_CONVERSION = YES;
				CLANG_WARN_DEPRECATED_OBJC_IMPLEMENTATIONS = YES;
				CLANG_WARN_DIRECT_OBJC_ISA_USAGE = YES_ERROR;
				CLANG_WARN_DOCUMENTATION_COMMENTS = YES;
				CLANG_WARN_EMPTY_BODY = YES;
				CLANG_WARN_ENUM_CONVERSION = YES;
				CLANG_WARN_INFINITE_RECURSION = YES;
				CLANG_WARN_INT_CONVERSION = YES;
				CLANG_WARN_NON_LITERAL_NULL_CONVERSION = YES;
				CLANG_WARN_OBJC_IMPLICIT_RETAIN_SELF = YES;
				CLANG_WARN_OBJC_LITERAL_CONVERSION = YES;
				CLANG_WARN_OBJC_ROOT_CLASS = YES_ERROR;
				CLANG_WARN_QUOTED_INCLUDE_IN_FRAMEWORK_HEADER = YES;
				CLANG_WARN_RANGE_LOOP_ANALYSIS = YES;
				CLANG_WARN_STRICT_PROTOTYPES = YES;
				CLANG_WARN_SUSPICIOUS_MOVE = YES;
				CLANG_WARN_UNGUARDED_AVAILABILITY = YES_AGGRESSIVE;
				CLANG_WARN_UNREACHABLE_CODE = YES;
				CLANG_WARN__DUPLICATE_METHOD_MATCH = YES;
				COPY_PHASE_STRIP = NO;
				DEBUG_INFORMATION_FORMAT = "dwarf-with-dsym";
				ENABLE_NS_ASSERTIONS = NO;
				ENABLE_STRICT_OBJC_MSGSEND = YES;
				ENABLE_USER_SCRIPT_SANDBOXING = YES;
				GCC_C_LANGUAGE_STANDARD = gnu17;
				GCC_NO_COMMON_BLOCKS = YES;
				GCC_WARN_64_TO_32_BIT_CONVERSION = YES;
				GCC_WARN_ABOUT_RETURN_TYPE = YES_ERROR;
				GCC_WARN_UNDECLARED_SELECTOR = YES;
				GCC_WARN_UNINITIALIZED_AUTOS = YES_AGGRESSIVE;
				GCC_WARN_UNUSED_FUNCTION = YES;
				GCC_WARN_UNUSED_VARIABLE = YES;
				IPHONEOS_DEPLOYMENT_TARGET = 17.5;
				LOCALIZATION_PREFERS_STRING_CATALOGS = YES;
				MTL_ENABLE_DEBUG_INFO = NO;
				MTL_FAST_MATH = YES;
				SDKROOT = iphoneos;
				SWIFT_COMPILATION_MODE = wholemodule;
				VALIDATE_PRODUCT = YES;
			};
			name = Release;
		};
		6C4446272C55BEEF00EC814B /* Debug */ = {
			isa = XCBuildConfiguration;
			buildSettings = {
				ASSETCATALOG_COMPILER_APPICON_NAME = AppIcon;
				ASSETCATALOG_COMPILER_GLOBAL_ACCENT_COLOR_NAME = AccentColor;
				CODE_SIGN_STYLE = Automatic;
				CURRENT_PROJECT_VERSION = 1;
				GENERATE_INFOPLIST_FILE = YES;
				INFOPLIST_FILE = TopRatedMovies/Info.plist;
				INFOPLIST_KEY_UIApplicationSupportsIndirectInputEvents = YES;
				INFOPLIST_KEY_UILaunchStoryboardName = LaunchScreen;
				INFOPLIST_KEY_UISupportedInterfaceOrientations = UIInterfaceOrientationPortrait;
				INFOPLIST_KEY_UISupportedInterfaceOrientations_iPad = "UIInterfaceOrientationLandscapeLeft UIInterfaceOrientationLandscapeRight UIInterfaceOrientationPortrait UIInterfaceOrientationPortraitUpsideDown";
				IPHONEOS_DEPLOYMENT_TARGET = 16.0;
				LD_RUNPATH_SEARCH_PATHS = (
					"$(inherited)",
					"@executable_path/Frameworks",
				);
				MARKETING_VERSION = 1.0;
				PRODUCT_BUNDLE_IDENTIFIER = com.luissegovia.TopRatedMovies;
				PRODUCT_NAME = "$(TARGET_NAME)";
				SUPPORTED_PLATFORMS = "iphoneos iphonesimulator";
				SUPPORTS_MACCATALYST = NO;
				SUPPORTS_MAC_DESIGNED_FOR_IPHONE_IPAD = NO;
				SUPPORTS_XR_DESIGNED_FOR_IPHONE_IPAD = NO;
				SWIFT_EMIT_LOC_STRINGS = YES;
				SWIFT_VERSION = 5.0;
				TARGETED_DEVICE_FAMILY = 1;
			};
			name = Debug;
		};
		6C4446282C55BEEF00EC814B /* Release */ = {
			isa = XCBuildConfiguration;
			buildSettings = {
				ASSETCATALOG_COMPILER_APPICON_NAME = AppIcon;
				ASSETCATALOG_COMPILER_GLOBAL_ACCENT_COLOR_NAME = AccentColor;
				CODE_SIGN_STYLE = Automatic;
				CURRENT_PROJECT_VERSION = 1;
				GENERATE_INFOPLIST_FILE = YES;
				INFOPLIST_FILE = TopRatedMovies/Info.plist;
				INFOPLIST_KEY_UIApplicationSupportsIndirectInputEvents = YES;
				INFOPLIST_KEY_UILaunchStoryboardName = LaunchScreen;
				INFOPLIST_KEY_UISupportedInterfaceOrientations = UIInterfaceOrientationPortrait;
				INFOPLIST_KEY_UISupportedInterfaceOrientations_iPad = "UIInterfaceOrientationLandscapeLeft UIInterfaceOrientationLandscapeRight UIInterfaceOrientationPortrait UIInterfaceOrientationPortraitUpsideDown";
				IPHONEOS_DEPLOYMENT_TARGET = 16.0;
				LD_RUNPATH_SEARCH_PATHS = (
					"$(inherited)",
					"@executable_path/Frameworks",
				);
				MARKETING_VERSION = 1.0;
				PRODUCT_BUNDLE_IDENTIFIER = com.luissegovia.TopRatedMovies;
				PRODUCT_NAME = "$(TARGET_NAME)";
				SUPPORTED_PLATFORMS = "iphoneos iphonesimulator";
				SUPPORTS_MACCATALYST = NO;
				SUPPORTS_MAC_DESIGNED_FOR_IPHONE_IPAD = NO;
				SUPPORTS_XR_DESIGNED_FOR_IPHONE_IPAD = NO;
				SWIFT_EMIT_LOC_STRINGS = YES;
				SWIFT_VERSION = 5.0;
				TARGETED_DEVICE_FAMILY = 1;
			};
			name = Release;
		};
		6C44462A2C55BEEF00EC814B /* Debug */ = {
			isa = XCBuildConfiguration;
			buildSettings = {
				ALWAYS_EMBED_SWIFT_STANDARD_LIBRARIES = YES;
				BUNDLE_LOADER = "$(TEST_HOST)";
				CODE_SIGN_STYLE = Automatic;
				CURRENT_PROJECT_VERSION = 1;
				GENERATE_INFOPLIST_FILE = YES;
				IPHONEOS_DEPLOYMENT_TARGET = 17.5;
				MARKETING_VERSION = 1.0;
				PRODUCT_BUNDLE_IDENTIFIER = com.luissegovia.TopRatedMoviesTests;
				PRODUCT_NAME = "$(TARGET_NAME)";
				SWIFT_EMIT_LOC_STRINGS = NO;
				SWIFT_VERSION = 5.0;
				TARGETED_DEVICE_FAMILY = "1,2";
				TEST_HOST = "$(BUILT_PRODUCTS_DIR)/TopRatedMovies.app/$(BUNDLE_EXECUTABLE_FOLDER_PATH)/TopRatedMovies";
			};
			name = Debug;
		};
		6C44462B2C55BEEF00EC814B /* Release */ = {
			isa = XCBuildConfiguration;
			buildSettings = {
				ALWAYS_EMBED_SWIFT_STANDARD_LIBRARIES = YES;
				BUNDLE_LOADER = "$(TEST_HOST)";
				CODE_SIGN_STYLE = Automatic;
				CURRENT_PROJECT_VERSION = 1;
				GENERATE_INFOPLIST_FILE = YES;
				IPHONEOS_DEPLOYMENT_TARGET = 17.5;
				MARKETING_VERSION = 1.0;
				PRODUCT_BUNDLE_IDENTIFIER = com.luissegovia.TopRatedMoviesTests;
				PRODUCT_NAME = "$(TARGET_NAME)";
				SWIFT_EMIT_LOC_STRINGS = NO;
				SWIFT_VERSION = 5.0;
				TARGETED_DEVICE_FAMILY = "1,2";
				TEST_HOST = "$(BUILT_PRODUCTS_DIR)/TopRatedMovies.app/$(BUNDLE_EXECUTABLE_FOLDER_PATH)/TopRatedMovies";
			};
			name = Release;
		};
		6C44462D2C55BEEF00EC814B /* Debug */ = {
			isa = XCBuildConfiguration;
			buildSettings = {
				ALWAYS_EMBED_SWIFT_STANDARD_LIBRARIES = YES;
				CODE_SIGN_STYLE = Automatic;
				CURRENT_PROJECT_VERSION = 1;
				GENERATE_INFOPLIST_FILE = YES;
				MARKETING_VERSION = 1.0;
				PRODUCT_BUNDLE_IDENTIFIER = com.luissegovia.TopRatedMoviesUITests;
				PRODUCT_NAME = "$(TARGET_NAME)";
				SWIFT_EMIT_LOC_STRINGS = NO;
				SWIFT_VERSION = 5.0;
				TARGETED_DEVICE_FAMILY = "1,2";
				TEST_TARGET_NAME = TopRatedMovies;
			};
			name = Debug;
		};
		6C44462E2C55BEEF00EC814B /* Release */ = {
			isa = XCBuildConfiguration;
			buildSettings = {
				ALWAYS_EMBED_SWIFT_STANDARD_LIBRARIES = YES;
				CODE_SIGN_STYLE = Automatic;
				CURRENT_PROJECT_VERSION = 1;
				GENERATE_INFOPLIST_FILE = YES;
				MARKETING_VERSION = 1.0;
				PRODUCT_BUNDLE_IDENTIFIER = com.luissegovia.TopRatedMoviesUITests;
				PRODUCT_NAME = "$(TARGET_NAME)";
				SWIFT_EMIT_LOC_STRINGS = NO;
				SWIFT_VERSION = 5.0;
				TARGETED_DEVICE_FAMILY = "1,2";
				TEST_TARGET_NAME = TopRatedMovies;
			};
			name = Release;
		};
/* End XCBuildConfiguration section */

/* Begin XCConfigurationList section */
		6C4445F72C55BEEE00EC814B /* Build configuration list for PBXProject "TopRatedMovies" */ = {
			isa = XCConfigurationList;
			buildConfigurations = (
				6C4446242C55BEEF00EC814B /* Debug */,
				6C4446252C55BEEF00EC814B /* Release */,
			);
			defaultConfigurationIsVisible = 0;
			defaultConfigurationName = Release;
		};
		6C4446262C55BEEF00EC814B /* Build configuration list for PBXNativeTarget "TopRatedMovies" */ = {
			isa = XCConfigurationList;
			buildConfigurations = (
				6C4446272C55BEEF00EC814B /* Debug */,
				6C4446282C55BEEF00EC814B /* Release */,
			);
			defaultConfigurationIsVisible = 0;
			defaultConfigurationName = Release;
		};
		6C4446292C55BEEF00EC814B /* Build configuration list for PBXNativeTarget "TopRatedMoviesTests" */ = {
			isa = XCConfigurationList;
			buildConfigurations = (
				6C44462A2C55BEEF00EC814B /* Debug */,
				6C44462B2C55BEEF00EC814B /* Release */,
			);
			defaultConfigurationIsVisible = 0;
			defaultConfigurationName = Release;
		};
		6C44462C2C55BEEF00EC814B /* Build configuration list for PBXNativeTarget "TopRatedMoviesUITests" */ = {
			isa = XCConfigurationList;
			buildConfigurations = (
				6C44462D2C55BEEF00EC814B /* Debug */,
				6C44462E2C55BEEF00EC814B /* Release */,
			);
			defaultConfigurationIsVisible = 0;
			defaultConfigurationName = Release;
		};
/* End XCConfigurationList section */
	};
	rootObject = 6C4445F42C55BEEE00EC814B /* Project object */;
}
